// !$*UTF8*$!
{
	archiveVersion = 1;
	classes = {
	};
	objectVersion = 46;
	objects = {

/* Begin PBXBuildFile section */
		76C6D76019D199F800A3D614 /* Foundation.framework in Frameworks */ = {isa = PBXBuildFile; fileRef = 76C6D75F19D199F800A3D614 /* Foundation.framework */; };
		76C6D76219D199F800A3D614 /* CoreGraphics.framework in Frameworks */ = {isa = PBXBuildFile; fileRef = 76C6D76119D199F800A3D614 /* CoreGraphics.framework */; };
		76C6D76419D199F800A3D614 /* UIKit.framework in Frameworks */ = {isa = PBXBuildFile; fileRef = 76C6D76319D199F800A3D614 /* UIKit.framework */; };
		76C6D76A19D199F800A3D614 /* InfoPlist.strings in Resources */ = {isa = PBXBuildFile; fileRef = 76C6D76819D199F800A3D614 /* InfoPlist.strings */; };
		76C6D76C19D199F800A3D614 /* main.m in Sources */ = {isa = PBXBuildFile; fileRef = 76C6D76B19D199F800A3D614 /* main.m */; };
		76C6D77019D199F900A3D614 /* TUIAppDelegate.m in Sources */ = {isa = PBXBuildFile; fileRef = 76C6D76F19D199F900A3D614 /* TUIAppDelegate.m */; };
		76C6D77319D199F900A3D614 /* Main_iPhone.storyboard in Resources */ = {isa = PBXBuildFile; fileRef = 76C6D77119D199F900A3D614 /* Main_iPhone.storyboard */; };
		76C6D77619D199F900A3D614 /* Main_iPad.storyboard in Resources */ = {isa = PBXBuildFile; fileRef = 76C6D77419D199F900A3D614 /* Main_iPad.storyboard */; };
		76C6D77919D199F900A3D614 /* TUIViewController.m in Sources */ = {isa = PBXBuildFile; fileRef = 76C6D77819D199F900A3D614 /* TUIViewController.m */; };
		76C6D77B19D199F900A3D614 /* Images.xcassets in Resources */ = {isa = PBXBuildFile; fileRef = 76C6D77A19D199F900A3D614 /* Images.xcassets */; };
		76C6D78219D199F900A3D614 /* XCTest.framework in Frameworks */ = {isa = PBXBuildFile; fileRef = 76C6D78119D199F900A3D614 /* XCTest.framework */; };
		76C6D78319D199F900A3D614 /* Foundation.framework in Frameworks */ = {isa = PBXBuildFile; fileRef = 76C6D75F19D199F800A3D614 /* Foundation.framework */; };
		76C6D78419D199F900A3D614 /* UIKit.framework in Frameworks */ = {isa = PBXBuildFile; fileRef = 76C6D76319D199F800A3D614 /* UIKit.framework */; };
		76C6D78C19D199F900A3D614 /* InfoPlist.strings in Resources */ = {isa = PBXBuildFile; fileRef = 76C6D78A19D199F900A3D614 /* InfoPlist.strings */; };
		76C6D78E19D199F900A3D614 /* GeofencingTests.m in Sources */ = {isa = PBXBuildFile; fileRef = 76C6D78D19D199F900A3D614 /* GeofencingTests.m */; };
		76C6D79919D1AFCF00A3D614 /* TUISettingsViewController.m in Sources */ = {isa = PBXBuildFile; fileRef = 76C6D79819D1AFCF00A3D614 /* TUISettingsViewController.m */; };
/* End PBXBuildFile section */

/* Begin PBXContainerItemProxy section */
		76C6D78519D199F900A3D614 /* PBXContainerItemProxy */ = {
			isa = PBXContainerItemProxy;
			containerPortal = 76C6D75419D199F800A3D614 /* Project object */;
			proxyType = 1;
			remoteGlobalIDString = 76C6D75B19D199F800A3D614;
			remoteInfo = Geofencing;
		};
/* End PBXContainerItemProxy section */

/* Begin PBXFileReference section */
		76C6D75C19D199F800A3D614 /* Geofencing.app */ = {isa = PBXFileReference; explicitFileType = wrapper.application; includeInIndex = 0; path = Geofencing.app; sourceTree = BUILT_PRODUCTS_DIR; };
		76C6D75F19D199F800A3D614 /* Foundation.framework */ = {isa = PBXFileReference; lastKnownFileType = wrapper.framework; name = Foundation.framework; path = System/Library/Frameworks/Foundation.framework; sourceTree = SDKROOT; };
		76C6D76119D199F800A3D614 /* CoreGraphics.framework */ = {isa = PBXFileReference; lastKnownFileType = wrapper.framework; name = CoreGraphics.framework; path = System/Library/Frameworks/CoreGraphics.framework; sourceTree = SDKROOT; };
		76C6D76319D199F800A3D614 /* UIKit.framework */ = {isa = PBXFileReference; lastKnownFileType = wrapper.framework; name = UIKit.framework; path = System/Library/Frameworks/UIKit.framework; sourceTree = SDKROOT; };
		76C6D76719D199F800A3D614 /* Geofencing-Info.plist */ = {isa = PBXFileReference; lastKnownFileType = text.plist.xml; path = "Geofencing-Info.plist"; sourceTree = "<group>"; };
		76C6D76919D199F800A3D614 /* en */ = {isa = PBXFileReference; lastKnownFileType = text.plist.strings; name = en; path = en.lproj/InfoPlist.strings; sourceTree = "<group>"; };
		76C6D76B19D199F800A3D614 /* main.m */ = {isa = PBXFileReference; lastKnownFileType = sourcecode.c.objc; path = main.m; sourceTree = "<group>"; };
		76C6D76D19D199F800A3D614 /* Geofencing-Prefix.pch */ = {isa = PBXFileReference; lastKnownFileType = sourcecode.c.h; path = "Geofencing-Prefix.pch"; sourceTree = "<group>"; };
		76C6D76E19D199F900A3D614 /* TUIAppDelegate.h */ = {isa = PBXFileReference; lastKnownFileType = sourcecode.c.h; path = TUIAppDelegate.h; sourceTree = "<group>"; };
		76C6D76F19D199F900A3D614 /* TUIAppDelegate.m */ = {isa = PBXFileReference; lastKnownFileType = sourcecode.c.objc; path = TUIAppDelegate.m; sourceTree = "<group>"; };
		76C6D77219D199F900A3D614 /* Base */ = {isa = PBXFileReference; lastKnownFileType = file.storyboard; name = Base; path = Base.lproj/Main_iPhone.storyboard; sourceTree = "<group>"; };
		76C6D77519D199F900A3D614 /* Base */ = {isa = PBXFileReference; lastKnownFileType = file.storyboard; name = Base; path = Base.lproj/Main_iPad.storyboard; sourceTree = "<group>"; };
		76C6D77719D199F900A3D614 /* TUIViewController.h */ = {isa = PBXFileReference; lastKnownFileType = sourcecode.c.h; path = TUIViewController.h; sourceTree = "<group>"; };
		76C6D77819D199F900A3D614 /* TUIViewController.m */ = {isa = PBXFileReference; lastKnownFileType = sourcecode.c.objc; path = TUIViewController.m; sourceTree = "<group>"; };
		76C6D77A19D199F900A3D614 /* Images.xcassets */ = {isa = PBXFileReference; lastKnownFileType = folder.assetcatalog; path = Images.xcassets; sourceTree = "<group>"; };
		76C6D78019D199F900A3D614 /* GeofencingTests.xctest */ = {isa = PBXFileReference; explicitFileType = wrapper.cfbundle; includeInIndex = 0; path = GeofencingTests.xctest; sourceTree = BUILT_PRODUCTS_DIR; };
		76C6D78119D199F900A3D614 /* XCTest.framework */ = {isa = PBXFileReference; lastKnownFileType = wrapper.framework; name = XCTest.framework; path = Library/Frameworks/XCTest.framework; sourceTree = DEVELOPER_DIR; };
		76C6D78919D199F900A3D614 /* GeofencingTests-Info.plist */ = {isa = PBXFileReference; lastKnownFileType = text.plist.xml; path = "GeofencingTests-Info.plist"; sourceTree = "<group>"; };
		76C6D78B19D199F900A3D614 /* en */ = {isa = PBXFileReference; lastKnownFileType = text.plist.strings; name = en; path = en.lproj/InfoPlist.strings; sourceTree = "<group>"; };
		76C6D78D19D199F900A3D614 /* GeofencingTests.m */ = {isa = PBXFileReference; lastKnownFileType = sourcecode.c.objc; path = GeofencingTests.m; sourceTree = "<group>"; };
		76C6D79719D1AFCF00A3D614 /* TUISettingsViewController.h */ = {isa = PBXFileReference; fileEncoding = 4; lastKnownFileType = sourcecode.c.h; path = TUISettingsViewController.h; sourceTree = "<group>"; };
		76C6D79819D1AFCF00A3D614 /* TUISettingsViewController.m */ = {isa = PBXFileReference; fileEncoding = 4; lastKnownFileType = sourcecode.c.objc; path = TUISettingsViewController.m; sourceTree = "<group>"; };
		76C6D79A19D1B96500A3D614 /* Constants.h */ = {isa = PBXFileReference; lastKnownFileType = sourcecode.c.h; path = Constants.h; sourceTree = "<group>"; };
/* End PBXFileReference section */

/* Begin PBXFrameworksBuildPhase section */
		76C6D75919D199F800A3D614 /* Frameworks */ = {
			isa = PBXFrameworksBuildPhase;
			buildActionMask = 2147483647;
			files = (
				76C6D76219D199F800A3D614 /* CoreGraphics.framework in Frameworks */,
				76C6D76419D199F800A3D614 /* UIKit.framework in Frameworks */,
				76C6D76019D199F800A3D614 /* Foundation.framework in Frameworks */,
			);
			runOnlyForDeploymentPostprocessing = 0;
		};
		76C6D77D19D199F900A3D614 /* Frameworks */ = {
			isa = PBXFrameworksBuildPhase;
			buildActionMask = 2147483647;
			files = (
				76C6D78219D199F900A3D614 /* XCTest.framework in Frameworks */,
				76C6D78419D199F900A3D614 /* UIKit.framework in Frameworks */,
				76C6D78319D199F900A3D614 /* Foundation.framework in Frameworks */,
			);
			runOnlyForDeploymentPostprocessing = 0;
		};
/* End PBXFrameworksBuildPhase section */

/* Begin PBXGroup section */
		76C6D75319D199F800A3D614 = {
			isa = PBXGroup;
			children = (
				76C6D76519D199F800A3D614 /* Geofencing */,
				76C6D78719D199F900A3D614 /* GeofencingTests */,
				76C6D75E19D199F800A3D614 /* Frameworks */,
				76C6D75D19D199F800A3D614 /* Products */,
			);
			sourceTree = "<group>";
		};
		76C6D75D19D199F800A3D614 /* Products */ = {
			isa = PBXGroup;
			children = (
				76C6D75C19D199F800A3D614 /* Geofencing.app */,
				76C6D78019D199F900A3D614 /* GeofencingTests.xctest */,
			);
			name = Products;
			sourceTree = "<group>";
		};
		76C6D75E19D199F800A3D614 /* Frameworks */ = {
			isa = PBXGroup;
			children = (
				76C6D75F19D199F800A3D614 /* Foundation.framework */,
				76C6D76119D199F800A3D614 /* CoreGraphics.framework */,
				76C6D76319D199F800A3D614 /* UIKit.framework */,
				76C6D78119D199F900A3D614 /* XCTest.framework */,
			);
			name = Frameworks;
			sourceTree = "<group>";
		};
		76C6D76519D199F800A3D614 /* Geofencing */ = {
			isa = PBXGroup;
			children = (
				76C6D76E19D199F900A3D614 /* TUIAppDelegate.h */,
				76C6D76F19D199F900A3D614 /* TUIAppDelegate.m */,
				76C6D77119D199F900A3D614 /* Main_iPhone.storyboard */,
				76C6D77419D199F900A3D614 /* Main_iPad.storyboard */,
				76C6D77719D199F900A3D614 /* TUIViewController.h */,
				76C6D77819D199F900A3D614 /* TUIViewController.m */,
				76C6D77A19D199F900A3D614 /* Images.xcassets */,
				76C6D76619D199F800A3D614 /* Supporting Files */,
				76C6D79719D1AFCF00A3D614 /* TUISettingsViewController.h */,
				76C6D79819D1AFCF00A3D614 /* TUISettingsViewController.m */,
				76C6D79A19D1B96500A3D614 /* Constants.h */,
			);
			path = Geofencing;
			sourceTree = "<group>";
		};
		76C6D76619D199F800A3D614 /* Supporting Files */ = {
			isa = PBXGroup;
			children = (
				76C6D76719D199F800A3D614 /* Geofencing-Info.plist */,
				76C6D76819D199F800A3D614 /* InfoPlist.strings */,
				76C6D76B19D199F800A3D614 /* main.m */,
				76C6D76D19D199F800A3D614 /* Geofencing-Prefix.pch */,
			);
			name = "Supporting Files";
			sourceTree = "<group>";
		};
		76C6D78719D199F900A3D614 /* GeofencingTests */ = {
			isa = PBXGroup;
			children = (
				76C6D78D19D199F900A3D614 /* GeofencingTests.m */,
				76C6D78819D199F900A3D614 /* Supporting Files */,
			);
			path = GeofencingTests;
			sourceTree = "<group>";
		};
		76C6D78819D199F900A3D614 /* Supporting Files */ = {
			isa = PBXGroup;
			children = (
				76C6D78919D199F900A3D614 /* GeofencingTests-Info.plist */,
				76C6D78A19D199F900A3D614 /* InfoPlist.strings */,
			);
			name = "Supporting Files";
			sourceTree = "<group>";
		};
/* End PBXGroup section */

/* Begin PBXNativeTarget section */
		76C6D75B19D199F800A3D614 /* Geofencing */ = {
			isa = PBXNativeTarget;
			buildConfigurationList = 76C6D79119D199F900A3D614 /* Build configuration list for PBXNativeTarget "Geofencing" */;
			buildPhases = (
				76C6D75819D199F800A3D614 /* Sources */,
				76C6D75919D199F800A3D614 /* Frameworks */,
				76C6D75A19D199F800A3D614 /* Resources */,
			);
			buildRules = (
			);
			dependencies = (
			);
			name = Geofencing;
			productName = Geofencing;
			productReference = 76C6D75C19D199F800A3D614 /* Geofencing.app */;
			productType = "com.apple.product-type.application";
		};
		76C6D77F19D199F900A3D614 /* GeofencingTests */ = {
			isa = PBXNativeTarget;
			buildConfigurationList = 76C6D79419D199F900A3D614 /* Build configuration list for PBXNativeTarget "GeofencingTests" */;
			buildPhases = (
				76C6D77C19D199F900A3D614 /* Sources */,
				76C6D77D19D199F900A3D614 /* Frameworks */,
				76C6D77E19D199F900A3D614 /* Resources */,
			);
			buildRules = (
			);
			dependencies = (
				76C6D78619D199F900A3D614 /* PBXTargetDependency */,
			);
			name = GeofencingTests;
			productName = GeofencingTests;
			productReference = 76C6D78019D199F900A3D614 /* GeofencingTests.xctest */;
			productType = "com.apple.product-type.bundle.unit-test";
		};
/* End PBXNativeTarget section */

/* Begin PBXProject section */
		76C6D75419D199F800A3D614 /* Project object */ = {
			isa = PBXProject;
			attributes = {
				CLASSPREFIX = TUI;
				LastUpgradeCheck = 0510;
				ORGANIZATIONNAME = "Tui Travel A&D";
				TargetAttributes = {
					76C6D77F19D199F900A3D614 = {
						TestTargetID = 76C6D75B19D199F800A3D614;
					};
				};
			};
			buildConfigurationList = 76C6D75719D199F800A3D614 /* Build configuration list for PBXProject "Geofencing" */;
			compatibilityVersion = "Xcode 3.2";
			developmentRegion = English;
			hasScannedForEncodings = 0;
			knownRegions = (
				en,
				Base,
			);
			mainGroup = 76C6D75319D199F800A3D614;
			productRefGroup = 76C6D75D19D199F800A3D614 /* Products */;
			projectDirPath = "";
			projectRoot = "";
			targets = (
				76C6D75B19D199F800A3D614 /* Geofencing */,
				76C6D77F19D199F900A3D614 /* GeofencingTests */,
			);
		};
/* End PBXProject section */

/* Begin PBXResourcesBuildPhase section */
		76C6D75A19D199F800A3D614 /* Resources */ = {
			isa = PBXResourcesBuildPhase;
			buildActionMask = 2147483647;
			files = (
				76C6D77619D199F900A3D614 /* Main_iPad.storyboard in Resources */,
				76C6D77B19D199F900A3D614 /* Images.xcassets in Resources */,
				76C6D77319D199F900A3D614 /* Main_iPhone.storyboard in Resources */,
				76C6D76A19D199F800A3D614 /* InfoPlist.strings in Resources */,
			);
			runOnlyForDeploymentPostprocessing = 0;
		};
		76C6D77E19D199F900A3D614 /* Resources */ = {
			isa = PBXResourcesBuildPhase;
			buildActionMask = 2147483647;
			files = (
				76C6D78C19D199F900A3D614 /* InfoPlist.strings in Resources */,
			);
			runOnlyForDeploymentPostprocessing = 0;
		};
/* End PBXResourcesBuildPhase section */

/* Begin PBXSourcesBuildPhase section */
		76C6D75819D199F800A3D614 /* Sources */ = {
			isa = PBXSourcesBuildPhase;
			buildActionMask = 2147483647;
			files = (
				76C6D79919D1AFCF00A3D614 /* TUISettingsViewController.m in Sources */,
				76C6D76C19D199F800A3D614 /* main.m in Sources */,
				76C6D77919D199F900A3D614 /* TUIViewController.m in Sources */,
				76C6D77019D199F900A3D614 /* TUIAppDelegate.m in Sources */,
			);
			runOnlyForDeploymentPostprocessing = 0;
		};
		76C6D77C19D199F900A3D614 /* Sources */ = {
			isa = PBXSourcesBuildPhase;
			buildActionMask = 2147483647;
			files = (
				76C6D78E19D199F900A3D614 /* GeofencingTests.m in Sources */,
			);
			runOnlyForDeploymentPostprocessing = 0;
		};
/* End PBXSourcesBuildPhase section */

/* Begin PBXTargetDependency section */
		76C6D78619D199F900A3D614 /* PBXTargetDependency */ = {
			isa = PBXTargetDependency;
			target = 76C6D75B19D199F800A3D614 /* Geofencing */;
			targetProxy = 76C6D78519D199F900A3D614 /* PBXContainerItemProxy */;
		};
/* End PBXTargetDependency section */

/* Begin PBXVariantGroup section */
		76C6D76819D199F800A3D614 /* InfoPlist.strings */ = {
			isa = PBXVariantGroup;
			children = (
				76C6D76919D199F800A3D614 /* en */,
			);
			name = InfoPlist.strings;
			sourceTree = "<group>";
		};
		76C6D77119D199F900A3D614 /* Main_iPhone.storyboard */ = {
			isa = PBXVariantGroup;
			children = (
				76C6D77219D199F900A3D614 /* Base */,
			);
			name = Main_iPhone.storyboard;
			sourceTree = "<group>";
		};
		76C6D77419D199F900A3D614 /* Main_iPad.storyboard */ = {
			isa = PBXVariantGroup;
			children = (
				76C6D77519D199F900A3D614 /* Base */,
			);
			name = Main_iPad.storyboard;
			sourceTree = "<group>";
		};
		76C6D78A19D199F900A3D614 /* InfoPlist.strings */ = {
			isa = PBXVariantGroup;
			children = (
				76C6D78B19D199F900A3D614 /* en */,
			);
			name = InfoPlist.strings;
			sourceTree = "<group>";
		};
/* End PBXVariantGroup section */

/* Begin XCBuildConfiguration section */
		76C6D78F19D199F900A3D614 /* Debug */ = {
			isa = XCBuildConfiguration;
			buildSettings = {
				ALWAYS_SEARCH_USER_PATHS = NO;
				CLANG_CXX_LANGUAGE_STANDARD = "gnu++0x";
				CLANG_CXX_LIBRARY = "libc++";
				CLANG_ENABLE_MODULES = YES;
				CLANG_ENABLE_OBJC_ARC = YES;
				CLANG_WARN_BOOL_CONVERSION = YES;
				CLANG_WARN_CONSTANT_CONVERSION = YES;
				CLANG_WARN_DIRECT_OBJC_ISA_USAGE = YES_ERROR;
				CLANG_WARN_EMPTY_BODY = YES;
				CLANG_WARN_ENUM_CONVERSION = YES;
				CLANG_WARN_INT_CONVERSION = YES;
				CLANG_WARN_OBJC_ROOT_CLASS = YES_ERROR;
				CLANG_WARN__DUPLICATE_METHOD_MATCH = YES;
				"CODE_SIGN_IDENTITY[sdk=iphoneos*]" = "iPhone Developer";
				COPY_PHASE_STRIP = NO;
				GCC_C_LANGUAGE_STANDARD = gnu99;
				GCC_DYNAMIC_NO_PIC = NO;
				GCC_OPTIMIZATION_LEVEL = 0;
				GCC_PREPROCESSOR_DEFINITIONS = (
					"DEBUG=1",
					"$(inherited)",
				);
				GCC_SYMBOLS_PRIVATE_EXTERN = NO;
				GCC_WARN_64_TO_32_BIT_CONVERSION = YES;
				GCC_WARN_ABOUT_RETURN_TYPE = YES_ERROR;
				GCC_WARN_UNDECLARED_SELECTOR = YES;
				GCC_WARN_UNINITIALIZED_AUTOS = YES_AGGRESSIVE;
				GCC_WARN_UNUSED_FUNCTION = YES;
				GCC_WARN_UNUSED_VARIABLE = YES;
				IPHONEOS_DEPLOYMENT_TARGET = 7.1;
				ONLY_ACTIVE_ARCH = YES;
				SDKROOT = iphoneos;
				TARGETED_DEVICE_FAMILY = "1,2";
			};
			name = Debug;
		};
		76C6D79019D199F900A3D614 /* Release */ = {
			isa = XCBuildConfiguration;
			buildSettings = {
				ALWAYS_SEARCH_USER_PATHS = NO;
				CLANG_CXX_LANGUAGE_STANDARD = "gnu++0x";
				CLANG_CXX_LIBRARY = "libc++";
				CLANG_ENABLE_MODULES = YES;
				CLANG_ENABLE_OBJC_ARC = YES;
				CLANG_WARN_BOOL_CONVERSION = YES;
				CLANG_WARN_CONSTANT_CONVERSION = YES;
				CLANG_WARN_DIRECT_OBJC_ISA_USAGE = YES_ERROR;
				CLANG_WARN_EMPTY_BODY = YES;
				CLANG_WARN_ENUM_CONVERSION = YES;
				CLANG_WARN_INT_CONVERSION = YES;
				CLANG_WARN_OBJC_ROOT_CLASS = YES_ERROR;
				CLANG_WARN__DUPLICATE_METHOD_MATCH = YES;
				"CODE_SIGN_IDENTITY[sdk=iphoneos*]" = "iPhone Developer";
				COPY_PHASE_STRIP = YES;
				ENABLE_NS_ASSERTIONS = NO;
				GCC_C_LANGUAGE_STANDARD = gnu99;
				GCC_WARN_64_TO_32_BIT_CONVERSION = YES;
				GCC_WARN_ABOUT_RETURN_TYPE = YES_ERROR;
				GCC_WARN_UNDECLARED_SELECTOR = YES;
				GCC_WARN_UNINITIALIZED_AUTOS = YES_AGGRESSIVE;
				GCC_WARN_UNUSED_FUNCTION = YES;
				GCC_WARN_UNUSED_VARIABLE = YES;
				IPHONEOS_DEPLOYMENT_TARGET = 7.1;
				SDKROOT = iphoneos;
				TARGETED_DEVICE_FAMILY = "1,2";
				VALIDATE_PRODUCT = YES;
			};
			name = Release;
		};
		76C6D79219D199F900A3D614 /* Debug */ = {
			isa = XCBuildConfiguration;
			buildSettings = {
				ASSETCATALOG_COMPILER_APPICON_NAME = AppIcon;
				ASSETCATALOG_COMPILER_LAUNCHIMAGE_NAME = LaunchImage;
				GCC_PRECOMPILE_PREFIX_HEADER = YES;
				GCC_PREFIX_HEADER = "Geofencing/Geofencing-Prefix.pch";
				INFOPLIST_FILE = "Geofencing/Geofencing-Info.plist";
				PRODUCT_NAME = "$(TARGET_NAME)";
				WRAPPER_EXTENSION = app;
			};
			name = Debug;
		};
		76C6D79319D199F900A3D614 /* Release */ = {
			isa = XCBuildConfiguration;
			buildSettings = {
				ASSETCATALOG_COMPILER_APPICON_NAME = AppIcon;
				ASSETCATALOG_COMPILER_LAUNCHIMAGE_NAME = LaunchImage;
				GCC_PRECOMPILE_PREFIX_HEADER = YES;
				GCC_PREFIX_HEADER = "Geofencing/Geofencing-Prefix.pch";
				INFOPLIST_FILE = "Geofencing/Geofencing-Info.plist";
				PRODUCT_NAME = "$(TARGET_NAME)";
				WRAPPER_EXTENSION = app;
			};
			name = Release;
		};
		76C6D79519D199F900A3D614 /* Debug */ = {
			isa = XCBuildConfiguration;
			buildSettings = {
				BUNDLE_LOADER = "$(BUILT_PRODUCTS_DIR)/Geofencing.app/Geofencing";
				FRAMEWORK_SEARCH_PATHS = (
					"$(SDKROOT)/Developer/Library/Frameworks",
					"$(inherited)",
					"$(DEVELOPER_FRAMEWORKS_DIR)",
				);
				GCC_PRECOMPILE_PREFIX_HEADER = YES;
				GCC_PREFIX_HEADER = "Geofencing/Geofencing-Prefix.pch";
				GCC_PREPROCESSOR_DEFINITIONS = (
					"DEBUG=1",
					"$(inherited)",
				);
				INFOPLIST_FILE = "GeofencingTests/GeofencingTests-Info.plist";
				PRODUCT_NAME = "$(TARGET_NAME)";
				TEST_HOST = "$(BUNDLE_LOADER)";
				WRAPPER_EXTENSION = xctest;
			};
			name = Debug;
		};
		76C6D79619D199F900A3D614 /* Release */ = {
			isa = XCBuildConfiguration;
			buildSettings = {
				BUNDLE_LOADER = "$(BUILT_PRODUCTS_DIR)/Geofencing.app/Geofencing";
				FRAMEWORK_SEARCH_PATHS = (
					"$(SDKROOT)/Developer/Library/Frameworks",
					"$(inherited)",
					"$(DEVELOPER_FRAMEWORKS_DIR)",
				);
				GCC_PRECOMPILE_PREFIX_HEADER = YES;
				GCC_PREFIX_HEADER = "Geofencing/Geofencing-Prefix.pch";
				INFOPLIST_FILE = "GeofencingTests/GeofencingTests-Info.plist";
				PRODUCT_NAME = "$(TARGET_NAME)";
				TEST_HOST = "$(BUNDLE_LOADER)";
				WRAPPER_EXTENSION = xctest;
			};
			name = Release;
		};
/* End XCBuildConfiguration section */

/* Begin XCConfigurationList section */
		76C6D75719D199F800A3D614 /* Build configuration list for PBXProject "Geofencing" */ = {
			isa = XCConfigurationList;
			buildConfigurations = (
				76C6D78F19D199F900A3D614 /* Debug */,
				76C6D79019D199F900A3D614 /* Release */,
			);
			defaultConfigurationIsVisible = 0;
			defaultConfigurationName = Release;
		};
		76C6D79119D199F900A3D614 /* Build configuration list for PBXNativeTarget "Geofencing" */ = {
			isa = XCConfigurationList;
			buildConfigurations = (
				76C6D79219D199F900A3D614 /* Debug */,
				76C6D79319D199F900A3D614 /* Release */,
			);
			defaultConfigurationIsVisible = 0;
		};
		76C6D79419D199F900A3D614 /* Build configuration list for PBXNativeTarget "GeofencingTests" */ = {
			isa = XCConfigurationList;
			buildConfigurations = (
				76C6D79519D199F900A3D614 /* Debug */,
				76C6D79619D199F900A3D614 /* Release */,
			);
			defaultConfigurationIsVisible = 0;
		};
/* End XCConfigurationList section */
	};
	rootObject = 76C6D75419D199F800A3D614 /* Project object */;
}
